github.com/google/uuid v1.6.0 h1:NIvaJDMOsjHA8n1jAhLSgzrAzy1Hgr+hNrb57e+94F0=
github.com/google/uuid v1.6.0/go.mod h1:TIyPZe4MgqvfeYDBFedMoGGpEw/LqOeaOT+nhxU+yHo=
github.com/jcbhmr/actions-toolkit.go/core v0.0.0-20240419161606-d07036da3183 h1:p63+Cn2NMhylm1WSlGS+toEp68XaPv2cN/CM+zII2jo=
github.com/jcbhmr/actions-toolkit.go/core v0.0.0-20240419161606-d07036da3183/go.mod h1:a8KpB0IftJH17docmYGVlilGZZsXJT/bINuYkA6pwbM=
